
Microsoft Visual Studio Solution File, Format Version 12.00
# Visual Studio 15
VisualStudioVersion = 15.0.27703.2047
MinimumVisualStudioVersion = 10.0.40219.1
Project("{9A19103F-16F7-4668-BE54-9A1E7A4F7556}") = "Yq.WebApi", "Yq.WebApi\Yq.WebApi.csproj", "{E22C545B-C7D4-4D3B-8958-8D2F34FCE9A3}"
EndProject
Project("{9A19103F-16F7-4668-BE54-9A1E7A4F7556}") = "Yq.Application", "Yq.Application\Yq.Application.csproj", "{8E64F2E0-A33B-4879-A993-0F157653A90D}"
EndProject
Project("{9A19103F-16F7-4668-BE54-9A1E7A4F7556}") = "Yq.Domain", "Yq.Domain\Yq.Domain.csproj", "{C84981FF-39EE-4944-8F1F-BF9E12F72A6E}"
EndProject
Project("{9A19103F-16F7-4668-BE54-9A1E7A4F7556}") = "Yq.EntityFrameworkCore", "Yq.EntityFrameworkCore\Yq.EntityFrameworkCore.csproj", "{32AB2C20-331E-4F9B-B278-4A92FCE07073}"
EndProject
Project("{9A19103F-16F7-4668-BE54-9A1E7A4F7556}") = "Yq.Utility", "Yq.Utility\Yq.Utility.csproj", "{3D84A896-4407-4A32-842A-01757CE6A5C4}"
EndProject
Global
	GlobalSection(SolutionConfigurationPlatforms) = preSolution
		Debug|Any CPU = Debug|Any CPU
		Release|Any CPU = Release|Any CPU
	EndGlobalSection
	GlobalSection(ProjectConfigurationPlatforms) = postSolution
		{E22C545B-C7D4-4D3B-8958-8D2F34FCE9A3}.Debug|Any CPU.ActiveCfg = Debug|Any CPU
		{E22C545B-C7D4-4D3B-8958-8D2F34FCE9A3}.Debug|Any CPU.Build.0 = Debug|Any CPU
		{E22C545B-C7D4-4D3B-8958-8D2F34FCE9A3}.Release|Any CPU.ActiveCfg = Release|Any CPU
		{E22C545B-C7D4-4D3B-8958-8D2F34FCE9A3}.Release|Any CPU.Build.0 = Release|Any CPU
		{8E64F2E0-A33B-4879-A993-0F157653A90D}.Debug|Any CPU.ActiveCfg = Debug|Any CPU
		{8E64F2E0-A33B-4879-A993-0F157653A90D}.Debug|Any CPU.Build.0 = Debug|Any CPU
		{8E64F2E0-A33B-4879-A993-0F157653A90D}.Release|Any CPU.ActiveCfg = Release|Any CPU
		{8E64F2E0-A33B-4879-A993-0F157653A90D}.Release|Any CPU.Build.0 = Release|Any CPU
		{C84981FF-39EE-4944-8F1F-BF9E12F72A6E}.Debug|Any CPU.ActiveCfg = Debug|Any CPU
		{C84981FF-39EE-4944-8F1F-BF9E12F72A6E}.Debug|Any CPU.Build.0 = Debug|Any CPU
		{C84981FF-39EE-4944-8F1F-BF9E12F72A6E}.Release|Any CPU.ActiveCfg = Release|Any CPU
		{C84981FF-39EE-4944-8F1F-BF9E12F72A6E}.Release|Any CPU.Build.0 = Release|Any CPU
		{32AB2C20-331E-4F9B-B278-4A92FCE07073}.Debug|Any CPU.ActiveCfg = Debug|Any CPU
		{32AB2C20-331E-4F9B-B278-4A92FCE07073}.Debug|Any CPU.Build.0 = Debug|Any CPU
		{32AB2C20-331E-4F9B-B278-4A92FCE07073}.Release|Any CPU.ActiveCfg = Release|Any CPU
		{32AB2C20-331E-4F9B-B278-4A92FCE07073}.Release|Any CPU.Build.0 = Release|Any CPU
		{3D84A896-4407-4A32-842A-01757CE6A5C4}.Debug|Any CPU.ActiveCfg = Debug|Any CPU
		{3D84A896-4407-4A32-842A-01757CE6A5C4}.Debug|Any CPU.Build.0 = Debug|Any CPU
		{3D84A896-4407-4A32-842A-01757CE6A5C4}.Release|Any CPU.ActiveCfg = Release|Any CPU
		{3D84A896-4407-4A32-842A-01757CE6A5C4}.Release|Any CPU.Build.0 = Release|Any CPU
	EndGlobalSection
	GlobalSection(SolutionProperties) = preSolution
		HideSolutionNode = FALSE
	EndGlobalSection
	GlobalSection(ExtensibilityGlobals) = postSolution
		SolutionGuid = {B5B1DF15-9A33-4C87-A747-8241375BAD21}
	EndGlobalSection
EndGlobal
